
Microsoft Visual Studio Solution File, Format Version 12.00
# Visual Studio Version 16
VisualStudioVersion = 16.0.30503.244
MinimumVisualStudioVersion = 10.0.40219.1
Project("{FAE04EC0-301F-11D3-BF4B-00C04F79EFBC}") = "HouseBuilder", "HouseBuilder\HouseBuilder.csproj", "{997E324B-C48E-41D0-8DE5-CABD346F7C25}"
EndProject
Global
	GlobalSection(SolutionConfigurationPlatforms) = preSolution
		Debug|Any CPU = Debug|Any CPU
		Release|Any CPU = Release|Any CPU
	EndGlobalSection
	GlobalSection(ProjectConfigurationPlatforms) = postSolution
		{997E324B-C48E-41D0-8DE5-CABD346F7C25}.Debug|Any CPU.ActiveCfg = Debug|Any CPU
		{997E324B-C48E-41D0-8DE5-CABD346F7C25}.Debug|Any CPU.Build.0 = Debug|Any CPU
		{997E324B-C48E-41D0-8DE5-CABD346F7C25}.Release|Any CPU.ActiveCfg = Release|Any CPU
		{997E324B-C48E-41D0-8DE5-CABD346F7C25}.Release|Any CPU.Build.0 = Release|Any CPU
	EndGlobalSection
	GlobalSection(SolutionProperties) = preSolution
		HideSolutionNode = FALSE
	EndGlobalSection
	GlobalSection(ExtensibilityGlobals) = postSolution
		SolutionGuid = {A4547FA9-487B-47A7-94BB-8A26E939F602}
	EndGlobalSection
EndGlobal
