
Microsoft Visual Studio Solution File, Format Version 12.00
# Visual Studio Version 16
VisualStudioVersion = 16.0.30503.244
MinimumVisualStudioVersion = 10.0.40219.1
Project("{FAE04EC0-301F-11D3-BF4B-00C04F79EFBC}") = "PizzaBefore", "PizzaBefore\PizzaBefore.csproj", "{12B7B1D6-6FBE-41C2-A280-AC5A1FE9927F}"
EndProject
Project("{FAE04EC0-301F-11D3-BF4B-00C04F79EFBC}") = "PizzaAfter", "PizzaAfter\PizzaAfter.csproj", "{F5D5698D-0A12-482F-B310-E7D235B48EE7}"
EndProject
Global
	GlobalSection(SolutionConfigurationPlatforms) = preSolution
		Debug|Any CPU = Debug|Any CPU
		Release|Any CPU = Release|Any CPU
	EndGlobalSection
	GlobalSection(ProjectConfigurationPlatforms) = postSolution
		{12B7B1D6-6FBE-41C2-A280-AC5A1FE9927F}.Debug|Any CPU.ActiveCfg = Debug|Any CPU
		{12B7B1D6-6FBE-41C2-A280-AC5A1FE9927F}.Debug|Any CPU.Build.0 = Debug|Any CPU
		{12B7B1D6-6FBE-41C2-A280-AC5A1FE9927F}.Release|Any CPU.ActiveCfg = Release|Any CPU
		{12B7B1D6-6FBE-41C2-A280-AC5A1FE9927F}.Release|Any CPU.Build.0 = Release|Any CPU
		{F5D5698D-0A12-482F-B310-E7D235B48EE7}.Debug|Any CPU.ActiveCfg = Debug|Any CPU
		{F5D5698D-0A12-482F-B310-E7D235B48EE7}.Debug|Any CPU.Build.0 = Debug|Any CPU
		{F5D5698D-0A12-482F-B310-E7D235B48EE7}.Release|Any CPU.ActiveCfg = Release|Any CPU
		{F5D5698D-0A12-482F-B310-E7D235B48EE7}.Release|Any CPU.Build.0 = Release|Any CPU
	EndGlobalSection
	GlobalSection(SolutionProperties) = preSolution
		HideSolutionNode = FALSE
	EndGlobalSection
	GlobalSection(ExtensibilityGlobals) = postSolution
		SolutionGuid = {791F717B-1AC8-4244-9FB6-64456433A18A}
	EndGlobalSection
EndGlobal
